
Microsoft Visual Studio Solution File, Format Version 12.00
# Visual Studio Version 17
VisualStudioVersion = 17.14.36414.22 d17.14
MinimumVisualStudioVersion = 10.0.40219.1
Project("{FAE04EC0-301F-11D3-BF4B-00C04F79EFBC}") = "Week2-Standifer_Project", "Week2-Standifer_Project\Week2-Standifer_Project.csproj", "{7CD07128-28A6-451F-A113-06E8BC5D3AC6}"
EndProject
Global
	GlobalSection(SolutionConfigurationPlatforms) = preSolution
		Debug|Any CPU = Debug|Any CPU
		Release|Any CPU = Release|Any CPU
	EndGlobalSection
	GlobalSection(ProjectConfigurationPlatforms) = postSolution
		{7CD07128-28A6-451F-A113-06E8BC5D3AC6}.Debug|Any CPU.ActiveCfg = Debug|Any CPU
		{7CD07128-28A6-451F-A113-06E8BC5D3AC6}.Debug|Any CPU.Build.0 = Debug|Any CPU
		{7CD07128-28A6-451F-A113-06E8BC5D3AC6}.Release|Any CPU.ActiveCfg = Release|Any CPU
		{7CD07128-28A6-451F-A113-06E8BC5D3AC6}.Release|Any CPU.Build.0 = Release|Any CPU
	EndGlobalSection
	GlobalSection(SolutionProperties) = preSolution
		HideSolutionNode = FALSE
	EndGlobalSection
	GlobalSection(ExtensibilityGlobals) = postSolution
		SolutionGuid = {4BA48986-9C2C-4E83-A311-519320052344}
	EndGlobalSection
EndGlobal
