
Microsoft Visual Studio Solution File, Format Version 12.00
# Visual Studio Version 17
VisualStudioVersion = 17.14.36414.22 d17.14
MinimumVisualStudioVersion = 10.0.40219.1
Project("{FAE04EC0-301F-11D3-BF4B-00C04F79EFBC}") = "StandiferLab_Project", "StandiferLab_Project\StandiferLab_Project.csproj", "{7FD64BA0-0128-44EF-A339-08A343C64A31}"
EndProject
Global
	GlobalSection(SolutionConfigurationPlatforms) = preSolution
		Debug|Any CPU = Debug|Any CPU
		Release|Any CPU = Release|Any CPU
	EndGlobalSection
	GlobalSection(ProjectConfigurationPlatforms) = postSolution
		{7FD64BA0-0128-44EF-A339-08A343C64A31}.Debug|Any CPU.ActiveCfg = Debug|Any CPU
		{7FD64BA0-0128-44EF-A339-08A343C64A31}.Debug|Any CPU.Build.0 = Debug|Any CPU
		{7FD64BA0-0128-44EF-A339-08A343C64A31}.Release|Any CPU.ActiveCfg = Release|Any CPU
		{7FD64BA0-0128-44EF-A339-08A343C64A31}.Release|Any CPU.Build.0 = Release|Any CPU
	EndGlobalSection
	GlobalSection(SolutionProperties) = preSolution
		HideSolutionNode = FALSE
	EndGlobalSection
	GlobalSection(ExtensibilityGlobals) = postSolution
		SolutionGuid = {A1C217EF-9726-4266-AAD9-03CCB7C1BD67}
	EndGlobalSection
EndGlobal
